
Microsoft Visual Studio Solution File, Format Version 12.00
# Visual Studio Version 17
VisualStudioVersion = 17.3.32929.385
MinimumVisualStudioVersion = 10.0.40219.1
Project("{FAE04EC0-301F-11D3-BF4B-00C04F79EFBC}") = "LottoNumbers", "LottoNumbers\LottoNumbers.csproj", "{F0936FEB-03ED-4FED-A617-C2F2F531F328}"
EndProject
Project("{FAE04EC0-301F-11D3-BF4B-00C04F79EFBC}") = "LottoNumbers.Model", "LottoNumbers.Model\LottoNumbers.Model.csproj", "{A0C103A5-BD14-4F00-851D-2AE367339426}"
EndProject
Global
	GlobalSection(SolutionConfigurationPlatforms) = preSolution
		Debug|Any CPU = Debug|Any CPU
		Release|Any CPU = Release|Any CPU
	EndGlobalSection
	GlobalSection(ProjectConfigurationPlatforms) = postSolution
		{F0936FEB-03ED-4FED-A617-C2F2F531F328}.Debug|Any CPU.ActiveCfg = Debug|Any CPU
		{F0936FEB-03ED-4FED-A617-C2F2F531F328}.Debug|Any CPU.Build.0 = Debug|Any CPU
		{F0936FEB-03ED-4FED-A617-C2F2F531F328}.Release|Any CPU.ActiveCfg = Release|Any CPU
		{F0936FEB-03ED-4FED-A617-C2F2F531F328}.Release|Any CPU.Build.0 = Release|Any CPU
		{A0C103A5-BD14-4F00-851D-2AE367339426}.Debug|Any CPU.ActiveCfg = Debug|Any CPU
		{A0C103A5-BD14-4F00-851D-2AE367339426}.Debug|Any CPU.Build.0 = Debug|Any CPU
		{A0C103A5-BD14-4F00-851D-2AE367339426}.Release|Any CPU.ActiveCfg = Release|Any CPU
		{A0C103A5-BD14-4F00-851D-2AE367339426}.Release|Any CPU.Build.0 = Release|Any CPU
	EndGlobalSection
	GlobalSection(SolutionProperties) = preSolution
		HideSolutionNode = FALSE
	EndGlobalSection
	GlobalSection(ExtensibilityGlobals) = postSolution
		SolutionGuid = {740E4979-9066-48FA-9E86-50C379DFFC17}
	EndGlobalSection
EndGlobal
